
Microsoft Visual Studio Solution File, Format Version 12.00
# Visual Studio Version 17
VisualStudioVersion = 17.13.35913.81 d17.13
MinimumVisualStudioVersion = 10.0.40219.1
Project("{FAE04EC0-301F-11D3-BF4B-00C04F79EFBC}") = "IterumApi", "IterumApi\IterumApi.csproj", "{63E458D5-E544-481D-BB47-6FFA82D86E8D}"
EndProject
Global
	GlobalSection(SolutionConfigurationPlatforms) = preSolution
		Debug|Any CPU = Debug|Any CPU
		Release|Any CPU = Release|Any CPU
	EndGlobalSection
	GlobalSection(ProjectConfigurationPlatforms) = postSolution
		{63E458D5-E544-481D-BB47-6FFA82D86E8D}.Debug|Any CPU.ActiveCfg = Debug|Any CPU
		{63E458D5-E544-481D-BB47-6FFA82D86E8D}.Debug|Any CPU.Build.0 = Debug|Any CPU
		{63E458D5-E544-481D-BB47-6FFA82D86E8D}.Release|Any CPU.ActiveCfg = Release|Any CPU
		{63E458D5-E544-481D-BB47-6FFA82D86E8D}.Release|Any CPU.Build.0 = Release|Any CPU
	EndGlobalSection
	GlobalSection(SolutionProperties) = preSolution
		HideSolutionNode = FALSE
	EndGlobalSection
	GlobalSection(ExtensibilityGlobals) = postSolution
		SolutionGuid = {FABA3AF8-EF13-4DA0-83AA-0423B154ECA9}
	EndGlobalSection
EndGlobal
